
Microsoft Visual Studio Solution File, Format Version 12.00
# Visual Studio Version 17
VisualStudioVersion = 17.5.33516.290
MinimumVisualStudioVersion = 10.0.40219.1
Project("{2150E333-8FDC-42A3-9474-1A3956D46DE8}") = "src", "src", "{CA323D88-BA30-4639-B8C2-6EA67E4CD1AF}"
EndProject
Project("{2150E333-8FDC-42A3-9474-1A3956D46DE8}") = "corePackages", "corePackages", "{334FF6D2-BAED-43F5-A042-3BA88F2C2215}"
EndProject
Project("{FAE04EC0-301F-11D3-BF4B-00C04F79EFBC}") = "Core.Application", "src\corePackages\Core.Application\Core.Application.csproj", "{83674409-9124-4A39-98A9-A7D47E5B243A}"
EndProject
Project("{FAE04EC0-301F-11D3-BF4B-00C04F79EFBC}") = "Core.CrossCuttingConcerns", "src\corePackages\Core.CrossCuttingConcerns\Core.CrossCuttingConcerns.csproj", "{E8A98A0D-7171-411C-974A-C11E3F2189F1}"
EndProject
Project("{FAE04EC0-301F-11D3-BF4B-00C04F79EFBC}") = "Core.ElasticSearch", "src\corePackages\Core.ElasticSearch\Core.ElasticSearch.csproj", "{37282E20-D844-4797-BD05-A1013F141128}"
EndProject
Project("{FAE04EC0-301F-11D3-BF4B-00C04F79EFBC}") = "Core.Mailing", "src\corePackages\Core.Mailing\Core.Mailing.csproj", "{142911F2-0AAE-4F00-A2D6-FD5081109413}"
EndProject
Project("{FAE04EC0-301F-11D3-BF4B-00C04F79EFBC}") = "Core.Persistence", "src\corePackages\Core.Persistence\Core.Persistence.csproj", "{F48A9293-E2AA-4974-B326-5B5E52EF847C}"
EndProject
Project("{FAE04EC0-301F-11D3-BF4B-00C04F79EFBC}") = "Core.Security", "src\corePackages\Core.Security\Core.Security.csproj", "{5E505CFB-BA51-4562-8E26-F3E8FE5B1AF8}"
EndProject
Project("{2150E333-8FDC-42A3-9474-1A3956D46DE8}") = "kodlama.io.Devs", "kodlama.io.Devs", "{B30531BC-E753-49C5-8DE4-05761DA9CA9A}"
EndProject
Project("{FAE04EC0-301F-11D3-BF4B-00C04F79EFBC}") = "Application", "src\kodlama.io.Devs\Application\Application.csproj", "{B963A026-37E9-4442-9EDD-4318DCD4A81D}"
EndProject
Project("{FAE04EC0-301F-11D3-BF4B-00C04F79EFBC}") = "Domain", "src\kodlama.io.Devs\Domain\Domain.csproj", "{1EE75CC2-453D-4030-9E83-4BEA3438D421}"
EndProject
Project("{FAE04EC0-301F-11D3-BF4B-00C04F79EFBC}") = "Infrastructure", "src\kodlama.io.Devs\Infrastructure\Infrastructure.csproj", "{849982A1-1FE8-4F47-AF81-916E3A1AC10F}"
EndProject
Project("{FAE04EC0-301F-11D3-BF4B-00C04F79EFBC}") = "Persistence", "src\kodlama.io.Devs\Persistence\Persistence.csproj", "{F4037782-B6C0-45E8-99B7-1C4DE667DA00}"
EndProject
Project("{FAE04EC0-301F-11D3-BF4B-00C04F79EFBC}") = "WebAPI", "src\kodlama.io.Devs\WebAPI\WebAPI.csproj", "{180DF97F-FD66-47CF-A1D7-4B5A8856CC73}"
EndProject
Global
	GlobalSection(SolutionConfigurationPlatforms) = preSolution
		Debug|Any CPU = Debug|Any CPU
		Release|Any CPU = Release|Any CPU
	EndGlobalSection
	GlobalSection(ProjectConfigurationPlatforms) = postSolution
		{83674409-9124-4A39-98A9-A7D47E5B243A}.Debug|Any CPU.ActiveCfg = Debug|Any CPU
		{83674409-9124-4A39-98A9-A7D47E5B243A}.Debug|Any CPU.Build.0 = Debug|Any CPU
		{83674409-9124-4A39-98A9-A7D47E5B243A}.Release|Any CPU.ActiveCfg = Release|Any CPU
		{83674409-9124-4A39-98A9-A7D47E5B243A}.Release|Any CPU.Build.0 = Release|Any CPU
		{E8A98A0D-7171-411C-974A-C11E3F2189F1}.Debug|Any CPU.ActiveCfg = Debug|Any CPU
		{E8A98A0D-7171-411C-974A-C11E3F2189F1}.Debug|Any CPU.Build.0 = Debug|Any CPU
		{E8A98A0D-7171-411C-974A-C11E3F2189F1}.Release|Any CPU.ActiveCfg = Release|Any CPU
		{E8A98A0D-7171-411C-974A-C11E3F2189F1}.Release|Any CPU.Build.0 = Release|Any CPU
		{37282E20-D844-4797-BD05-A1013F141128}.Debug|Any CPU.ActiveCfg = Debug|Any CPU
		{37282E20-D844-4797-BD05-A1013F141128}.Debug|Any CPU.Build.0 = Debug|Any CPU
		{37282E20-D844-4797-BD05-A1013F141128}.Release|Any CPU.ActiveCfg = Release|Any CPU
		{37282E20-D844-4797-BD05-A1013F141128}.Release|Any CPU.Build.0 = Release|Any CPU
		{142911F2-0AAE-4F00-A2D6-FD5081109413}.Debug|Any CPU.ActiveCfg = Debug|Any CPU
		{142911F2-0AAE-4F00-A2D6-FD5081109413}.Debug|Any CPU.Build.0 = Debug|Any CPU
		{142911F2-0AAE-4F00-A2D6-FD5081109413}.Release|Any CPU.ActiveCfg = Release|Any CPU
		{142911F2-0AAE-4F00-A2D6-FD5081109413}.Release|Any CPU.Build.0 = Release|Any CPU
		{F48A9293-E2AA-4974-B326-5B5E52EF847C}.Debug|Any CPU.ActiveCfg = Debug|Any CPU
		{F48A9293-E2AA-4974-B326-5B5E52EF847C}.Debug|Any CPU.Build.0 = Debug|Any CPU
		{F48A9293-E2AA-4974-B326-5B5E52EF847C}.Release|Any CPU.ActiveCfg = Release|Any CPU
		{F48A9293-E2AA-4974-B326-5B5E52EF847C}.Release|Any CPU.Build.0 = Release|Any CPU
		{5E505CFB-BA51-4562-8E26-F3E8FE5B1AF8}.Debug|Any CPU.ActiveCfg = Debug|Any CPU
		{5E505CFB-BA51-4562-8E26-F3E8FE5B1AF8}.Debug|Any CPU.Build.0 = Debug|Any CPU
		{5E505CFB-BA51-4562-8E26-F3E8FE5B1AF8}.Release|Any CPU.ActiveCfg = Release|Any CPU
		{5E505CFB-BA51-4562-8E26-F3E8FE5B1AF8}.Release|Any CPU.Build.0 = Release|Any CPU
		{B963A026-37E9-4442-9EDD-4318DCD4A81D}.Debug|Any CPU.ActiveCfg = Debug|Any CPU
		{B963A026-37E9-4442-9EDD-4318DCD4A81D}.Debug|Any CPU.Build.0 = Debug|Any CPU
		{B963A026-37E9-4442-9EDD-4318DCD4A81D}.Release|Any CPU.ActiveCfg = Release|Any CPU
		{B963A026-37E9-4442-9EDD-4318DCD4A81D}.Release|Any CPU.Build.0 = Release|Any CPU
		{1EE75CC2-453D-4030-9E83-4BEA3438D421}.Debug|Any CPU.ActiveCfg = Debug|Any CPU
		{1EE75CC2-453D-4030-9E83-4BEA3438D421}.Debug|Any CPU.Build.0 = Debug|Any CPU
		{1EE75CC2-453D-4030-9E83-4BEA3438D421}.Release|Any CPU.ActiveCfg = Release|Any CPU
		{1EE75CC2-453D-4030-9E83-4BEA3438D421}.Release|Any CPU.Build.0 = Release|Any CPU
		{849982A1-1FE8-4F47-AF81-916E3A1AC10F}.Debug|Any CPU.ActiveCfg = Debug|Any CPU
		{849982A1-1FE8-4F47-AF81-916E3A1AC10F}.Debug|Any CPU.Build.0 = Debug|Any CPU
		{849982A1-1FE8-4F47-AF81-916E3A1AC10F}.Release|Any CPU.ActiveCfg = Release|Any CPU
		{849982A1-1FE8-4F47-AF81-916E3A1AC10F}.Release|Any CPU.Build.0 = Release|Any CPU
		{F4037782-B6C0-45E8-99B7-1C4DE667DA00}.Debug|Any CPU.ActiveCfg = Debug|Any CPU
		{F4037782-B6C0-45E8-99B7-1C4DE667DA00}.Debug|Any CPU.Build.0 = Debug|Any CPU
		{F4037782-B6C0-45E8-99B7-1C4DE667DA00}.Release|Any CPU.ActiveCfg = Release|Any CPU
		{F4037782-B6C0-45E8-99B7-1C4DE667DA00}.Release|Any CPU.Build.0 = Release|Any CPU
		{180DF97F-FD66-47CF-A1D7-4B5A8856CC73}.Debug|Any CPU.ActiveCfg = Debug|Any CPU
		{180DF97F-FD66-47CF-A1D7-4B5A8856CC73}.Debug|Any CPU.Build.0 = Debug|Any CPU
		{180DF97F-FD66-47CF-A1D7-4B5A8856CC73}.Release|Any CPU.ActiveCfg = Release|Any CPU
		{180DF97F-FD66-47CF-A1D7-4B5A8856CC73}.Release|Any CPU.Build.0 = Release|Any CPU
	EndGlobalSection
	GlobalSection(SolutionProperties) = preSolution
		HideSolutionNode = FALSE
	EndGlobalSection
	GlobalSection(NestedProjects) = preSolution
		{334FF6D2-BAED-43F5-A042-3BA88F2C2215} = {CA323D88-BA30-4639-B8C2-6EA67E4CD1AF}
		{83674409-9124-4A39-98A9-A7D47E5B243A} = {334FF6D2-BAED-43F5-A042-3BA88F2C2215}
		{E8A98A0D-7171-411C-974A-C11E3F2189F1} = {334FF6D2-BAED-43F5-A042-3BA88F2C2215}
		{37282E20-D844-4797-BD05-A1013F141128} = {334FF6D2-BAED-43F5-A042-3BA88F2C2215}
		{142911F2-0AAE-4F00-A2D6-FD5081109413} = {334FF6D2-BAED-43F5-A042-3BA88F2C2215}
		{F48A9293-E2AA-4974-B326-5B5E52EF847C} = {334FF6D2-BAED-43F5-A042-3BA88F2C2215}
		{5E505CFB-BA51-4562-8E26-F3E8FE5B1AF8} = {334FF6D2-BAED-43F5-A042-3BA88F2C2215}
		{B30531BC-E753-49C5-8DE4-05761DA9CA9A} = {CA323D88-BA30-4639-B8C2-6EA67E4CD1AF}
		{B963A026-37E9-4442-9EDD-4318DCD4A81D} = {B30531BC-E753-49C5-8DE4-05761DA9CA9A}
		{1EE75CC2-453D-4030-9E83-4BEA3438D421} = {B30531BC-E753-49C5-8DE4-05761DA9CA9A}
		{849982A1-1FE8-4F47-AF81-916E3A1AC10F} = {B30531BC-E753-49C5-8DE4-05761DA9CA9A}
		{F4037782-B6C0-45E8-99B7-1C4DE667DA00} = {B30531BC-E753-49C5-8DE4-05761DA9CA9A}
		{180DF97F-FD66-47CF-A1D7-4B5A8856CC73} = {B30531BC-E753-49C5-8DE4-05761DA9CA9A}
	EndGlobalSection
	GlobalSection(ExtensibilityGlobals) = postSolution
		SolutionGuid = {AEF577EA-EBCD-460D-9A64-E0CD4AE95133}
	EndGlobalSection
EndGlobal
